{
  "name": "ecmath",
  "version": "0.0.0",
  "lockfileVersion": 3,
  "requires": true,
  "packages": {
    "": {
      "name": "ecmath",
      "version": "0.0.0",
      "devDependencies": {
        "@bitauth/libauth": "^3.0.0"
      }
    },
    "node_modules/@bitauth/libauth": {
      "version": "3.0.0",
      "resolved": "https://registry.npmjs.org/@bitauth/libauth/-/libauth-3.0.0.tgz",
      "integrity": "sha512-3yoL31XpnhAnf5nDVMFk4xPqebxDwXrgYAwpa31ARJnV5A/eXWlpNYvCd6FTZPFM4VvKfjCBi+jRCrw1hOZ0Jg==",
      "dev": true,
      "license": "MIT",
      "engines": {
        "node": "^12.20.0 || ^14.13.1 || >=16.0.0"
      }
    }
  }
}
